
Microsoft Visual Studio Solution File, Format Version 12.00
# Visual Studio Version 16
VisualStudioVersion = 16.0.30320.27
MinimumVisualStudioVersion = 10.0.40219.1
Project("{FAE04EC0-301F-11D3-BF4B-00C04F79EFBC}") = "WebApplication1", "WebApplication1\WebApplication1.csproj", "{C9DAD661-B3C6-447A-98A1-7D770A6605D5}"
EndProject
Global
	GlobalSection(SolutionConfigurationPlatforms) = preSolution
		Debug|Any CPU = Debug|Any CPU
		Release|Any CPU = Release|Any CPU
	EndGlobalSection
	GlobalSection(ProjectConfigurationPlatforms) = postSolution
		{C9DAD661-B3C6-447A-98A1-7D770A6605D5}.Debug|Any CPU.ActiveCfg = Debug|Any CPU
		{C9DAD661-B3C6-447A-98A1-7D770A6605D5}.Debug|Any CPU.Build.0 = Debug|Any CPU
		{C9DAD661-B3C6-447A-98A1-7D770A6605D5}.Release|Any CPU.ActiveCfg = Release|Any CPU
		{C9DAD661-B3C6-447A-98A1-7D770A6605D5}.Release|Any CPU.Build.0 = Release|Any CPU
	EndGlobalSection
	GlobalSection(SolutionProperties) = preSolution
		HideSolutionNode = FALSE
	EndGlobalSection
	GlobalSection(ExtensibilityGlobals) = postSolution
		SolutionGuid = {4F75FA71-AF24-40B5-842B-C233AEE45D67}
	EndGlobalSection
EndGlobal
